{
  "version": 4,
  "terraform_version": "1.0.11",
  "serial": 13,
  "lineage": "01f7ff4d-0cd0-2260-2832-577c917ff687",
  "outputs": {},
  "resources": [
    {
      "mode": "data",
      "type": "aws_instance",
      "name": "ec2",
      "provider": "provider[\"registry.terraform.io/hashicorp/aws\"]",
      "instances": [
        {
          "schema_version": 0,
          "attributes": {
            "ami": "ami-0e2e87867e9e2ccd2",
            "arn": "arn:aws:ec2:us-east-1:067027761174:instance/i-0360e495e4f4131a6",
            "associate_public_ip_address": true,
            "availability_zone": "us-east-1a",
            "credit_specification": [
              {
                "cpu_credits": "unlimited"
              }
            ],
            "disable_api_stop": false,
            "disable_api_termination": false,
            "ebs_block_device": [],
            "ebs_optimized": false,
            "enclave_options": [
              {
                "enabled": false
              }
            ],
            "ephemeral_block_device": [],
            "filter": [
              {
                "name": "tag:eks:nodegroup-name",
                "values": [
                  "NG-tech"
                ]
              }
            ],
            "get_password_data": false,
            "get_user_data": false,
            "host_id": "",
            "host_resource_group_arn": "",
            "iam_instance_profile": "eks-6cc9188d-c6ab-ecc6-25e3-c87a550599e2",
            "id": "i-0360e495e4f4131a6",
            "instance_id": null,
            "instance_state": "running",
            "instance_tags": null,
            "instance_type": "t3a.medium",
            "ipv6_addresses": [],
            "key_name": "",
            "launch_time": "2024-09-27T01:33:20Z",
            "maintenance_options": [
              {
                "auto_recovery": "default"
              }
            ],
            "metadata_options": [
              {
                "http_endpoint": "enabled",
                "http_protocol_ipv6": "disabled",
                "http_put_response_hop_limit": 1,
                "http_tokens": "required",
                "instance_metadata_tags": "disabled"
              }
            ],
            "monitoring": false,
            "network_interface_id": "eni-0e2dfddc57c57f150",
            "outpost_arn": "",
            "password_data": null,
            "placement_group": "",
            "placement_partition_number": 0,
            "private_dns": "ip-172-31-90-107.ec2.internal",
            "private_dns_name_options": [
              {
                "enable_resource_name_dns_a_record": false,
                "enable_resource_name_dns_aaaa_record": false,
                "hostname_type": "ip-name"
              }
            ],
            "private_ip": "172.31.90.107",
            "public_dns": "ec2-3-82-246-158.compute-1.amazonaws.com",
            "public_ip": "3.82.246.158",
            "root_block_device": [
              {
                "delete_on_termination": true,
                "device_name": "/dev/xvda",
                "encrypted": false,
                "iops": 3000,
                "kms_key_id": "",
                "tags": {},
                "throughput": 125,
                "volume_id": "vol-01edcb7126da0c299",
                "volume_size": 50,
                "volume_type": "gp3"
              }
            ],
            "secondary_private_ips": [
              "172.31.82.164",
              "172.31.82.3",
              "172.31.84.187",
              "172.31.87.148",
              "172.31.90.158"
            ],
            "security_groups": [
              "eks-cluster-sg-tech-3555990"
            ],
            "source_dest_check": true,
            "subnet_id": "subnet-0354b4e866aa2e0e4",
            "tags": {
              "eks:cluster-name": "tech",
              "eks:nodegroup-name": "NG-tech",
              "k8s.io/cluster-autoscaler/enabled": "true",
              "k8s.io/cluster-autoscaler/tech": "owned",
              "kubernetes.io/cluster/tech": "owned"
            },
            "tenancy": "default",
            "timeouts": null,
            "user_data": "809d4d5c66739f1d6e9137bef42594ebd52fd47f",
            "user_data_base64": null,
            "vpc_security_group_ids": [
              "sg-064c79b430e96ebf9"
            ]
          },
          "sensitive_attributes": []
        }
      ]
    },
    {
      "mode": "data",
      "type": "aws_security_group",
      "name": "existing_sg",
      "provider": "provider[\"registry.terraform.io/hashicorp/aws\"]",
      "instances": [
        {
          "schema_version": 0,
          "attributes": {
            "arn": "arn:aws:ec2:us-east-1:067027761174:security-group/sg-064c79b430e96ebf9",
            "description": "EKS created security group applied to ENI that is attached to EKS Control Plane master nodes, as well as any managed workloads.",
            "filter": [
              {
                "name": "group-name",
                "values": [
                  "eks-cluster-sg-tech-3555990"
                ]
              }
            ],
            "id": "sg-064c79b430e96ebf9",
            "name": "eks-cluster-sg-tech-3555990",
            "tags": {
              "Name": "eks-cluster-sg-tech-3555990",
              "kubernetes.io/cluster/tech": "owned"
            },
            "timeouts": null,
            "vpc_id": "vpc-06fac7a1fe56de12b"
          },
          "sensitive_attributes": []
        }
      ]
    },
    {
      "mode": "managed",
      "type": "aws_alb",
      "name": "alb",
      "provider": "provider[\"registry.terraform.io/hashicorp/aws\"]",
      "instances": [
        {
          "schema_version": 0,
          "attributes": {
            "access_logs": [
              {
                "bucket": "",
                "enabled": false,
                "prefix": ""
              }
            ],
            "arn": "arn:aws:elasticloadbalancing:us-east-1:067027761174:loadbalancer/app/ALB-tech/6cb005c56ade0748",
            "arn_suffix": "app/ALB-tech/6cb005c56ade0748",
            "client_keep_alive": 3600,
            "connection_logs": [
              {
                "bucket": "",
                "enabled": false,
                "prefix": ""
              }
            ],
            "customer_owned_ipv4_pool": "",
            "desync_mitigation_mode": "defensive",
            "dns_name": "ALB-tech-1002430229.us-east-1.elb.amazonaws.com",
            "dns_record_client_routing_policy": null,
            "drop_invalid_header_fields": false,
            "enable_cross_zone_load_balancing": true,
            "enable_deletion_protection": false,
            "enable_http2": true,
            "enable_tls_version_and_cipher_suite_headers": false,
            "enable_waf_fail_open": false,
            "enable_xff_client_port": false,
            "enforce_security_group_inbound_rules_on_private_link_traffic": "",
            "id": "arn:aws:elasticloadbalancing:us-east-1:067027761174:loadbalancer/app/ALB-tech/6cb005c56ade0748",
            "idle_timeout": 60,
            "internal": false,
            "ip_address_type": "ipv4",
            "load_balancer_type": "application",
            "name": "ALB-tech",
            "name_prefix": "",
            "preserve_host_header": false,
            "security_groups": [
              "sg-02023e34394b9efba"
            ],
            "subnet_mapping": [
              {
                "allocation_id": "",
                "ipv6_address": "",
                "outpost_id": "",
                "private_ipv4_address": "",
                "subnet_id": "subnet-0354b4e866aa2e0e4"
              },
              {
                "allocation_id": "",
                "ipv6_address": "",
                "outpost_id": "",
                "private_ipv4_address": "",
                "subnet_id": "subnet-0973e7bb30f9de47c"
              },
              {
                "allocation_id": "",
                "ipv6_address": "",
                "outpost_id": "",
                "private_ipv4_address": "",
                "subnet_id": "subnet-0dba9cc714234362b"
              }
            ],
            "subnets": [
              "subnet-0354b4e866aa2e0e4",
              "subnet-0973e7bb30f9de47c",
              "subnet-0dba9cc714234362b"
            ],
            "tags": null,
            "tags_all": {},
            "timeouts": null,
            "vpc_id": "vpc-06fac7a1fe56de12b",
            "xff_header_processing_mode": "append",
            "zone_id": "Z35SXDOTRQ7X7K"
          },
          "sensitive_attributes": [],
          "private": "eyJlMmJmYjczMC1lY2FhLTExZTYtOGY4OC0zNDM2M2JjN2M0YzAiOnsiY3JlYXRlIjo2MDAwMDAwMDAwMDAsImRlbGV0ZSI6NjAwMDAwMDAwMDAwLCJ1cGRhdGUiOjYwMDAwMDAwMDAwMH19",
          "dependencies": [
            "aws_security_group.sg"
          ]
        }
      ]
    },
    {
      "mode": "managed",
      "type": "aws_eks_access_entry",
      "name": "access-entry",
      "provider": "provider[\"registry.terraform.io/hashicorp/aws\"]",
      "instances": [
        {
          "schema_version": 0,
          "attributes": {
            "access_entry_arn": "arn:aws:eks:us-east-1:067027761174:access-entry/tech/role/067027761174/voclabs/bcc9188d-c6c9-0d20-b997-89d916139c8c",
            "cluster_name": "tech",
            "created_at": "2024-09-27T01:32:22Z",
            "id": "tech:arn:aws:iam::067027761174:role/voclabs",
            "kubernetes_groups": [
              "app",
              "tech"
            ],
            "modified_at": "2024-09-27T01:32:22Z",
            "principal_arn": "arn:aws:iam::067027761174:role/voclabs",
            "tags": null,
            "tags_all": {},
            "timeouts": null,
            "type": "STANDARD",
            "user_name": "arn:aws:sts::067027761174:assumed-role/voclabs/{{SessionName}}"
          },
          "sensitive_attributes": [],
          "private": "eyJlMmJmYjczMC1lY2FhLTExZTYtOGY4OC0zNDM2M2JjN2M0YzAiOnsiY3JlYXRlIjo2MDAwMDAwMDAwMDAsImRlbGV0ZSI6NjAwMDAwMDAwMDAwfX0=",
          "dependencies": [
            "aws_eks_cluster.eks-cluster",
            "aws_security_group.sg"
          ]
        }
      ]
    },
    {
      "mode": "managed",
      "type": "aws_eks_access_policy_association",
      "name": "eks-policy",
      "provider": "provider[\"registry.terraform.io/hashicorp/aws\"]",
      "instances": [
        {
          "schema_version": 0,
          "attributes": {
            "access_scope": [
              {
                "namespaces": null,
                "type": "cluster"
              }
            ],
            "associated_at": "2024-09-27 01:32:22.522 +0000 UTC",
            "cluster_name": "tech",
            "id": "tech#arn:aws:iam::067027761174:role/voclabs#arn:aws:eks::aws:cluster-access-policy/AmazonEKSClusterAdminPolicy",
            "modified_at": "2024-09-27 01:32:22.522 +0000 UTC",
            "policy_arn": "arn:aws:eks::aws:cluster-access-policy/AmazonEKSClusterAdminPolicy",
            "principal_arn": "arn:aws:iam::067027761174:role/voclabs",
            "timeouts": null
          },
          "sensitive_attributes": [],
          "private": "eyJlMmJmYjczMC1lY2FhLTExZTYtOGY4OC0zNDM2M2JjN2M0YzAiOnsiY3JlYXRlIjo2MDAwMDAwMDAwMDAsImRlbGV0ZSI6NjAwMDAwMDAwMDAwfX0=",
          "dependencies": [
            "aws_eks_cluster.eks-cluster",
            "aws_security_group.sg"
          ]
        }
      ]
    },
    {
      "mode": "managed",
      "type": "aws_eks_cluster",
      "name": "eks-cluster",
      "provider": "provider[\"registry.terraform.io/hashicorp/aws\"]",
      "instances": [
        {
          "schema_version": 1,
          "attributes": {
            "access_config": [
              {
                "authentication_mode": "API_AND_CONFIG_MAP",
                "bootstrap_cluster_creator_admin_permissions": false
              }
            ],
            "arn": "arn:aws:eks:us-east-1:067027761174:cluster/tech",
            "bootstrap_self_managed_addons": true,
            "certificate_authority": [
              {
                "data": "LS0tLS1CRUdJTiBDRVJUSUZJQ0FURS0tLS0tCk1JSURCVENDQWUyZ0F3SUJBZ0lJSFM1QUlpNmtRNjR3RFFZSktvWklodmNOQVFFTEJRQXdGVEVUTUJFR0ExVUUKQXhNS2EzVmlaWEp1WlhSbGN6QWVGdzB5TkRBNU1qY3dNVEl5TXpkYUZ3MHpOREE1TWpVd01USTNNemRhTUJVeApFekFSQmdOVkJBTVRDbXQxWW1WeWJtVjBaWE13Z2dFaU1BMEdDU3FHU0liM0RRRUJBUVVBQTRJQkR3QXdnZ0VLCkFvSUJBUURPd1JNeTFqRWZKM0xrK0FvT1MxQWxYNjgxYVQwN1dZak5XRkIxM1Bnc0RkWXRQNTl3STNHUzI5Q3oKeDF0RUFyVDRqcmJOeExYS3Q5Mi9UNktGNHkzd0E2YS9Ja1pzM3ZmcC82SVFjZGJlaHN4V1NTaWZIYVdacE5tLwpzRk8yVjM2eWgrTmVpRWNCaWJSWGROTVdXQXVPNVdaV2pmZVVwY3drRmRudXpqdHltNXpENERvaXBPZ0t1ODJkCk0yaHBuMkpCdTdnVXNhYk5hTVNXUTlhQkJrTWU0b1JSdXA3M1BCdHVkQ3FjdWtKR3YvNVhXdEQxWjJ0b2ZhZkEKVFlzSXdxa3RmZXBHZXUzayt1ajNqTHJkOWk1ZnhuNTF0TldMZkpaZTJJTG1UMWQwUTNvbktzaHBUQi8xOE5rNApOUWxkeFB0aHFVOUtsRkd6aVNUSkNEMHB2TEViQWdNQkFBR2pXVEJYTUE0R0ExVWREd0VCL3dRRUF3SUNwREFQCkJnTlZIUk1CQWY4RUJUQURBUUgvTUIwR0ExVWREZ1FXQkJRdm42ZU9TNDhEUnJUazZid0dDZnRYUE1XcCtqQVYKQmdOVkhSRUVEakFNZ2dwcmRXSmxjbTVsZEdWek1BMEdDU3FHU0liM0RRRUJDd1VBQTRJQkFRQU93Vng2R3h5awpwWEI0YWUxdGhxbnJmZ2RXVTJYWHdYS2tHOXRhYU9uL0hNNUJuSmc0UXR4ZWtaMXo2MzJYcU1LOUVudXBKajB4CkZTcS9QVXNLL1FHQUhCR2o5dU1lamZwNTRIazJZa0k5Vi9TYUdKU0JERnJvKzJqK0hTdWd4T3BmVUpJck9uQTUKTHlsaFY1elp4ZmpnS1dmRnlaZ0paSVBISHlyVCtPdm1ra1pudnQ5MzR2d21iaXRoRjRKdk13SmhIQVlZc3dKRApIMENvamd6SjB2TEJZdWNJVjhkTW9HZ2p6Q3NlbkEyVnI5dEJLMEpOSHJ2M1ZSWWpxOVFVNHh3ZGJuQVY0dnYvCmI3MHppajRUOWVGUHl3bndlRjA4VXVYZHAzWG1zV3drLzRzdkNUZEdmMVhBOFlncmd4czRNTnZxYkxrcVBkSy8KK2REZFZmOFByWDhlCi0tLS0tRU5EIENFUlRJRklDQVRFLS0tLS0K"
              }
            ],
            "cluster_id": null,
            "created_at": "2024-09-27T01:21:58Z",
            "enabled_cluster_log_types": null,
            "encryption_config": [],
            "endpoint": "https://C410ED6A9DA16670133F5E9C57554914.gr7.us-east-1.eks.amazonaws.com",
            "id": "tech",
            "identity": [
              {
                "oidc": [
                  {
                    "issuer": "https://oidc.eks.us-east-1.amazonaws.com/id/C410ED6A9DA16670133F5E9C57554914"
                  }
                ]
              }
            ],
            "kubernetes_network_config": [
              {
                "ip_family": "ipv4",
                "service_ipv4_cidr": "10.100.0.0/16",
                "service_ipv6_cidr": ""
              }
            ],
            "name": "tech",
            "outpost_config": [],
            "platform_version": "eks.8",
            "role_arn": "arn:aws:iam::067027761174:role/LabRole",
            "status": "ACTIVE",
            "tags": null,
            "tags_all": {},
            "timeouts": null,
            "upgrade_policy": [
              {
                "support_type": "EXTENDED"
              }
            ],
            "version": "1.30",
            "vpc_config": [
              {
                "cluster_security_group_id": "sg-064c79b430e96ebf9",
                "endpoint_private_access": false,
                "endpoint_public_access": true,
                "public_access_cidrs": [
                  "0.0.0.0/0"
                ],
                "security_group_ids": [
                  "sg-02023e34394b9efba"
                ],
                "subnet_ids": [
                  "subnet-0354b4e866aa2e0e4",
                  "subnet-0973e7bb30f9de47c",
                  "subnet-0dba9cc714234362b"
                ],
                "vpc_id": "vpc-06fac7a1fe56de12b"
              }
            ]
          },
          "sensitive_attributes": [],
          "private": "eyJlMmJmYjczMC1lY2FhLTExZTYtOGY4OC0zNDM2M2JjN2M0YzAiOnsiY3JlYXRlIjoxODAwMDAwMDAwMDAwLCJkZWxldGUiOjkwMDAwMDAwMDAwMCwidXBkYXRlIjozNjAwMDAwMDAwMDAwfSwic2NoZW1hX3ZlcnNpb24iOiIxIn0=",
          "dependencies": [
            "aws_security_group.sg"
          ]
        }
      ]
    },
    {
      "mode": "managed",
      "type": "aws_eks_node_group",
      "name": "node-group",
      "provider": "provider[\"registry.terraform.io/hashicorp/aws\"]",
      "instances": [
        {
          "schema_version": 0,
          "attributes": {
            "ami_type": "AL2023_x86_64_STANDARD",
            "arn": "arn:aws:eks:us-east-1:067027761174:nodegroup/tech/NG-tech/6cc9188d-c6ab-ecc6-25e3-c87a550599e2",
            "capacity_type": "ON_DEMAND",
            "cluster_name": "tech",
            "disk_size": 50,
            "force_update_version": null,
            "id": "tech:NG-tech",
            "instance_types": [
              "t3a.medium"
            ],
            "labels": null,
            "launch_template": [],
            "node_group_name": "NG-tech",
            "node_group_name_prefix": "",
            "node_role_arn": "arn:aws:iam::067027761174:role/LabRole",
            "release_version": "1.30.4-20240924",
            "remote_access": [],
            "resources": [
              {
                "autoscaling_groups": [
                  {
                    "name": "eks-NG-tech-6cc9188d-c6ab-ecc6-25e3-c87a550599e2"
                  }
                ],
                "remote_access_security_group_id": ""
              }
            ],
            "scaling_config": [
              {
                "desired_size": 1,
                "max_size": 1,
                "min_size": 1
              }
            ],
            "status": "ACTIVE",
            "subnet_ids": [
              "subnet-0354b4e866aa2e0e4",
              "subnet-0973e7bb30f9de47c",
              "subnet-0dba9cc714234362b"
            ],
            "tags": null,
            "tags_all": {},
            "taint": [],
            "timeouts": null,
            "update_config": [
              {
                "max_unavailable": 1,
                "max_unavailable_percentage": 0
              }
            ],
            "version": "1.30"
          },
          "sensitive_attributes": [],
          "private": "eyJlMmJmYjczMC1lY2FhLTExZTYtOGY4OC0zNDM2M2JjN2M0YzAiOnsiY3JlYXRlIjozNjAwMDAwMDAwMDAwLCJkZWxldGUiOjM2MDAwMDAwMDAwMDAsInVwZGF0ZSI6MzYwMDAwMDAwMDAwMH19",
          "dependencies": [
            "aws_eks_cluster.eks-cluster",
            "aws_security_group.sg"
          ]
        }
      ]
    },
    {
      "mode": "managed",
      "type": "aws_lb_listener",
      "name": "listener",
      "provider": "provider[\"registry.terraform.io/hashicorp/aws\"]",
      "instances": [
        {
          "schema_version": 0,
          "attributes": {
            "alpn_policy": null,
            "arn": "arn:aws:elasticloadbalancing:us-east-1:067027761174:listener/app/ALB-tech/6cb005c56ade0748/a15f4cb38b2654ee",
            "certificate_arn": null,
            "default_action": [
              {
                "authenticate_cognito": [],
                "authenticate_oidc": [],
                "fixed_response": [],
                "forward": [],
                "order": 1,
                "redirect": [],
                "target_group_arn": "arn:aws:elasticloadbalancing:us-east-1:067027761174:targetgroup/TG-tech/67d16f99cf664733",
                "type": "forward"
              }
            ],
            "id": "arn:aws:elasticloadbalancing:us-east-1:067027761174:listener/app/ALB-tech/6cb005c56ade0748/a15f4cb38b2654ee",
            "load_balancer_arn": "arn:aws:elasticloadbalancing:us-east-1:067027761174:loadbalancer/app/ALB-tech/6cb005c56ade0748",
            "mutual_authentication": [],
            "port": 8080,
            "protocol": "HTTP",
            "ssl_policy": "",
            "tags": null,
            "tags_all": {},
            "timeouts": null
          },
          "sensitive_attributes": [],
          "private": "eyJlMmJmYjczMC1lY2FhLTExZTYtOGY4OC0zNDM2M2JjN2M0YzAiOnsiY3JlYXRlIjozMDAwMDAwMDAwMDAsInVwZGF0ZSI6MzAwMDAwMDAwMDAwfX0=",
          "dependencies": [
            "aws_alb.alb",
            "aws_lb_target_group.tg",
            "aws_security_group.sg"
          ]
        }
      ]
    },
    {
      "mode": "managed",
      "type": "aws_lb_target_group",
      "name": "tg",
      "provider": "provider[\"registry.terraform.io/hashicorp/aws\"]",
      "instances": [
        {
          "schema_version": 0,
          "attributes": {
            "arn": "arn:aws:elasticloadbalancing:us-east-1:067027761174:targetgroup/TG-tech/67d16f99cf664733",
            "arn_suffix": "targetgroup/TG-tech/67d16f99cf664733",
            "connection_termination": null,
            "deregistration_delay": "300",
            "health_check": [
              {
                "enabled": true,
                "healthy_threshold": 3,
                "interval": 30,
                "matcher": "200",
                "path": "/actuator/health",
                "port": "30000",
                "protocol": "HTTP",
                "timeout": 5,
                "unhealthy_threshold": 3
              }
            ],
            "id": "arn:aws:elasticloadbalancing:us-east-1:067027761174:targetgroup/TG-tech/67d16f99cf664733",
            "ip_address_type": "ipv4",
            "lambda_multi_value_headers_enabled": false,
            "load_balancer_arns": [],
            "load_balancing_algorithm_type": "round_robin",
            "load_balancing_anomaly_mitigation": "off",
            "load_balancing_cross_zone_enabled": "use_load_balancer_configuration",
            "name": "TG-tech",
            "name_prefix": "",
            "port": 30000,
            "preserve_client_ip": null,
            "protocol": "HTTP",
            "protocol_version": "HTTP1",
            "proxy_protocol_v2": false,
            "slow_start": 0,
            "stickiness": [
              {
                "cookie_duration": 86400,
                "cookie_name": "",
                "enabled": false,
                "type": "lb_cookie"
              }
            ],
            "tags": null,
            "tags_all": {},
            "target_failover": [
              {
                "on_deregistration": null,
                "on_unhealthy": null
              }
            ],
            "target_group_health": [
              {
                "dns_failover": [
                  {
                    "minimum_healthy_targets_count": "1",
                    "minimum_healthy_targets_percentage": "off"
                  }
                ],
                "unhealthy_state_routing": [
                  {
                    "minimum_healthy_targets_count": 1,
                    "minimum_healthy_targets_percentage": "off"
                  }
                ]
              }
            ],
            "target_health_state": [
              {
                "enable_unhealthy_connection_termination": null,
                "unhealthy_draining_interval": null
              }
            ],
            "target_type": "instance",
            "vpc_id": "vpc-06fac7a1fe56de12b"
          },
          "sensitive_attributes": [],
          "private": "bnVsbA=="
        }
      ]
    },
    {
      "mode": "managed",
      "type": "aws_lb_target_group_attachment",
      "name": "attach",
      "provider": "provider[\"registry.terraform.io/hashicorp/aws\"]",
      "instances": [
        {
          "schema_version": 0,
          "attributes": {
            "availability_zone": null,
            "id": "arn:aws:elasticloadbalancing:us-east-1:067027761174:targetgroup/TG-tech/67d16f99cf664733-20240927013456434500000002",
            "port": 30000,
            "target_group_arn": "arn:aws:elasticloadbalancing:us-east-1:067027761174:targetgroup/TG-tech/67d16f99cf664733",
            "target_id": "i-0360e495e4f4131a6"
          },
          "sensitive_attributes": [],
          "private": "bnVsbA==",
          "dependencies": [
            "aws_alb.alb",
            "aws_eks_cluster.eks-cluster",
            "aws_eks_node_group.node-group",
            "aws_lb_listener.listener",
            "aws_lb_target_group.tg",
            "aws_security_group.sg",
            "data.aws_instance.ec2"
          ]
        }
      ]
    },
    {
      "mode": "managed",
      "type": "aws_security_group",
      "name": "sg",
      "provider": "provider[\"registry.terraform.io/hashicorp/aws\"]",
      "instances": [
        {
          "schema_version": 1,
          "attributes": {
            "arn": "arn:aws:ec2:us-east-1:067027761174:security-group/sg-02023e34394b9efba",
            "description": "Tech Challenger",
            "egress": [
              {
                "cidr_blocks": [
                  "0.0.0.0/0"
                ],
                "description": "All traffic",
                "from_port": 0,
                "ipv6_cidr_blocks": [],
                "prefix_list_ids": [],
                "protocol": "-1",
                "security_groups": [],
                "self": false,
                "to_port": 0
              }
            ],
            "id": "sg-02023e34394b9efba",
            "ingress": [
              {
                "cidr_blocks": [
                  "0.0.0.0/0"
                ],
                "description": "HTTP",
                "from_port": 8080,
                "ipv6_cidr_blocks": [],
                "prefix_list_ids": [],
                "protocol": "tcp",
                "security_groups": [],
                "self": false,
                "to_port": 8080
              },
              {
                "cidr_blocks": [
                  "172.31.0.0/16"
                ],
                "description": "VPC traffic",
                "from_port": 0,
                "ipv6_cidr_blocks": [],
                "prefix_list_ids": [],
                "protocol": "-1",
                "security_groups": [],
                "self": false,
                "to_port": 0
              }
            ],
            "name": "SG-tech",
            "name_prefix": "",
            "owner_id": "067027761174",
            "revoke_rules_on_delete": false,
            "tags": null,
            "tags_all": {},
            "timeouts": null,
            "vpc_id": "vpc-06fac7a1fe56de12b"
          },
          "sensitive_attributes": [],
          "private": "eyJlMmJmYjczMC1lY2FhLTExZTYtOGY4OC0zNDM2M2JjN2M0YzAiOnsiY3JlYXRlIjo2MDAwMDAwMDAwMDAsImRlbGV0ZSI6OTAwMDAwMDAwMDAwfSwic2NoZW1hX3ZlcnNpb24iOiIxIn0="
        }
      ]
    },
    {
      "mode": "managed",
      "type": "aws_security_group_rule",
      "name": "ingress_rule",
      "provider": "provider[\"registry.terraform.io/hashicorp/aws\"]",
      "instances": [
        {
          "schema_version": 2,
          "attributes": {
            "cidr_blocks": [
              "0.0.0.0/0"
            ],
            "description": null,
            "from_port": 0,
            "id": "sgrule-560784136",
            "ipv6_cidr_blocks": null,
            "prefix_list_ids": null,
            "protocol": "-1",
            "security_group_id": "sg-064c79b430e96ebf9",
            "security_group_rule_id": "sgr-08d2b496736b7f3f3",
            "self": false,
            "source_security_group_id": null,
            "timeouts": null,
            "to_port": 0,
            "type": "ingress"
          },
          "sensitive_attributes": [],
          "private": "eyJlMmJmYjczMC1lY2FhLTExZTYtOGY4OC0zNDM2M2JjN2M0YzAiOnsiY3JlYXRlIjozMDAwMDAwMDAwMDB9LCJzY2hlbWFfdmVyc2lvbiI6IjIifQ==",
          "dependencies": [
            "aws_alb.alb",
            "aws_eks_cluster.eks-cluster",
            "aws_eks_node_group.node-group",
            "aws_lb_listener.listener",
            "aws_lb_target_group.tg",
            "aws_security_group.sg",
            "data.aws_security_group.existing_sg"
          ]
        }
      ]
    }
  ]
}
